
Microsoft Visual Studio Solution File, Format Version 12.00
# Visual Studio 15
VisualStudioVersion = 15.0.28010.2048
MinimumVisualStudioVersion = 10.0.40219.1
Project("{9A19103F-16F7-4668-BE54-9A1E7A4F7556}") = "GpioClient", "Starbender.GpioHub.Client\GpioClient.csproj", "{D1B8466A-4F76-4372-A5DE-D5518867CB09}"
EndProject
Project("{9A19103F-16F7-4668-BE54-9A1E7A4F7556}") = "Starbender.GpioHub.Core", "Starbender.GpioHub.Core\Starbender.GpioHub.Core\Starbender.GpioHub.Core.csproj", "{9D24B1B0-A4B0-4E6F-992D-EEB8CB1999EC}"
EndProject
Project("{9A19103F-16F7-4668-BE54-9A1E7A4F7556}") = "GpioMonitor", "Starbender.GpioHub.Monitor\GpioMonitor.csproj", "{E866D59D-AEB2-452E-AD2B-A61600A4243C}"
EndProject
Project("{9A19103F-16F7-4668-BE54-9A1E7A4F7556}") = "Starbender.GpioHub.Service", "Starbender.GpioHub.Service\Starbender.GpioHub.Service.csproj", "{69339C4A-5CE6-4DD9-B708-D91775316067}"
EndProject
Project("{2150E333-8FDC-42A3-9474-1A3956D46DE8}") = "Samples", "Samples", "{808138E4-61A4-4050-9396-2AB3ADDB2C8D}"
EndProject
Project("{2150E333-8FDC-42A3-9474-1A3956D46DE8}") = "Web", "Web", "{B036926C-D9AA-4C71-9782-71943A2D29CB}"
EndProject
Project("{2150E333-8FDC-42A3-9474-1A3956D46DE8}") = "Libraries", "Libraries", "{9F3AA543-0AF9-49B5-918C-6851621AD48B}"
EndProject
Global
	GlobalSection(SolutionConfigurationPlatforms) = preSolution
		Debug|Any CPU = Debug|Any CPU
		Release|Any CPU = Release|Any CPU
	EndGlobalSection
	GlobalSection(ProjectConfigurationPlatforms) = postSolution
		{D1B8466A-4F76-4372-A5DE-D5518867CB09}.Debug|Any CPU.ActiveCfg = Debug|Any CPU
		{D1B8466A-4F76-4372-A5DE-D5518867CB09}.Debug|Any CPU.Build.0 = Debug|Any CPU
		{D1B8466A-4F76-4372-A5DE-D5518867CB09}.Release|Any CPU.ActiveCfg = Release|Any CPU
		{D1B8466A-4F76-4372-A5DE-D5518867CB09}.Release|Any CPU.Build.0 = Release|Any CPU
		{9D24B1B0-A4B0-4E6F-992D-EEB8CB1999EC}.Debug|Any CPU.ActiveCfg = Debug|Any CPU
		{9D24B1B0-A4B0-4E6F-992D-EEB8CB1999EC}.Debug|Any CPU.Build.0 = Debug|Any CPU
		{9D24B1B0-A4B0-4E6F-992D-EEB8CB1999EC}.Release|Any CPU.ActiveCfg = Release|Any CPU
		{9D24B1B0-A4B0-4E6F-992D-EEB8CB1999EC}.Release|Any CPU.Build.0 = Release|Any CPU
		{E866D59D-AEB2-452E-AD2B-A61600A4243C}.Debug|Any CPU.ActiveCfg = Debug|Any CPU
		{E866D59D-AEB2-452E-AD2B-A61600A4243C}.Debug|Any CPU.Build.0 = Debug|Any CPU
		{E866D59D-AEB2-452E-AD2B-A61600A4243C}.Release|Any CPU.ActiveCfg = Release|Any CPU
		{E866D59D-AEB2-452E-AD2B-A61600A4243C}.Release|Any CPU.Build.0 = Release|Any CPU
		{69339C4A-5CE6-4DD9-B708-D91775316067}.Debug|Any CPU.ActiveCfg = Debug|Any CPU
		{69339C4A-5CE6-4DD9-B708-D91775316067}.Debug|Any CPU.Build.0 = Debug|Any CPU
		{69339C4A-5CE6-4DD9-B708-D91775316067}.Release|Any CPU.ActiveCfg = Release|Any CPU
		{69339C4A-5CE6-4DD9-B708-D91775316067}.Release|Any CPU.Build.0 = Release|Any CPU
	EndGlobalSection
	GlobalSection(SolutionProperties) = preSolution
		HideSolutionNode = FALSE
	EndGlobalSection
	GlobalSection(NestedProjects) = preSolution
		{D1B8466A-4F76-4372-A5DE-D5518867CB09} = {808138E4-61A4-4050-9396-2AB3ADDB2C8D}
		{9D24B1B0-A4B0-4E6F-992D-EEB8CB1999EC} = {9F3AA543-0AF9-49B5-918C-6851621AD48B}
		{E866D59D-AEB2-452E-AD2B-A61600A4243C} = {808138E4-61A4-4050-9396-2AB3ADDB2C8D}
		{69339C4A-5CE6-4DD9-B708-D91775316067} = {B036926C-D9AA-4C71-9782-71943A2D29CB}
	EndGlobalSection
	GlobalSection(ExtensibilityGlobals) = postSolution
		SolutionGuid = {7F7A7459-40F8-41C6-B2F2-373D0064C3FA}
	EndGlobalSection
EndGlobal
